// !$*UTF8*$!
{
	archiveVersion = 1;
	classes = {
	};
	objectVersion = 50;
	objects = {

/* Begin PBXBuildFile section */
		7ACED220243ADB44008047A2 /* AppDelegate.swift in Sources */ = {isa = PBXBuildFile; fileRef = 7ACED21F243ADB44008047A2 /* AppDelegate.swift */; };
		7ACED222243ADB44008047A2 /* SceneDelegate.swift in Sources */ = {isa = PBXBuildFile; fileRef = 7ACED221243ADB44008047A2 /* SceneDelegate.swift */; };
		7ACED227243ADB44008047A2 /* Main.storyboard in Resources */ = {isa = PBXBuildFile; fileRef = 7ACED225243ADB44008047A2 /* Main.storyboard */; };
		7ACED229243ADB4B008047A2 /* Assets.xcassets in Resources */ = {isa = PBXBuildFile; fileRef = 7ACED228243ADB4B008047A2 /* Assets.xcassets */; };
		7ACED22C243ADB4B008047A2 /* LaunchScreen.storyboard in Resources */ = {isa = PBXBuildFile; fileRef = 7ACED22A243ADB4B008047A2 /* LaunchScreen.storyboard */; };
		7ACED237243ADB4B008047A2 /* HomepwnerTests.swift in Sources */ = {isa = PBXBuildFile; fileRef = 7ACED236243ADB4B008047A2 /* HomepwnerTests.swift */; };
		7ACED242243ADB4B008047A2 /* HomepwnerUITests.swift in Sources */ = {isa = PBXBuildFile; fileRef = 7ACED241243ADB4B008047A2 /* HomepwnerUITests.swift */; };
		7ACED254243ADC5D008047A2 /* ItemsViewController.swift in Sources */ = {isa = PBXBuildFile; fileRef = 7ACED253243ADC5D008047A2 /* ItemsViewController.swift */; };
		7ACED256243ADD60008047A2 /* Item.swift in Sources */ = {isa = PBXBuildFile; fileRef = 7ACED255243ADD60008047A2 /* Item.swift */; };
		7ACED258243AE001008047A2 /* ItemStore.swift in Sources */ = {isa = PBXBuildFile; fileRef = 7ACED257243AE001008047A2 /* ItemStore.swift */; };
		7ACED25A243B29D7008047A2 /* ItemCell.swift in Sources */ = {isa = PBXBuildFile; fileRef = 7ACED259243B29D7008047A2 /* ItemCell.swift */; };
/* End PBXBuildFile section */

/* Begin PBXContainerItemProxy section */
		7ACED233243ADB4B008047A2 /* PBXContainerItemProxy */ = {
			isa = PBXContainerItemProxy;
			containerPortal = 7ACED214243ADB44008047A2 /* Project object */;
			proxyType = 1;
			remoteGlobalIDString = 7ACED21B243ADB44008047A2;
			remoteInfo = Homepwner;
		};
		7ACED23E243ADB4B008047A2 /* PBXContainerItemProxy */ = {
			isa = PBXContainerItemProxy;
			containerPortal = 7ACED214243ADB44008047A2 /* Project object */;
			proxyType = 1;
			remoteGlobalIDString = 7ACED21B243ADB44008047A2;
			remoteInfo = Homepwner;
		};
/* End PBXContainerItemProxy section */

/* Begin PBXFileReference section */
		7ACED21C243ADB44008047A2 /* Homepwner.app */ = {isa = PBXFileReference; explicitFileType = wrapper.application; includeInIndex = 0; path = Homepwner.app; sourceTree = BUILT_PRODUCTS_DIR; };
		7ACED21F243ADB44008047A2 /* AppDelegate.swift */ = {isa = PBXFileReference; lastKnownFileType = sourcecode.swift; path = AppDelegate.swift; sourceTree = "<group>"; };
		7ACED221243ADB44008047A2 /* SceneDelegate.swift */ = {isa = PBXFileReference; lastKnownFileType = sourcecode.swift; path = SceneDelegate.swift; sourceTree = "<group>"; };
		7ACED226243ADB44008047A2 /* Base */ = {isa = PBXFileReference; lastKnownFileType = file.storyboard; name = Base; path = Base.lproj/Main.storyboard; sourceTree = "<group>"; };
		7ACED228243ADB4B008047A2 /* Assets.xcassets */ = {isa = PBXFileReference; lastKnownFileType = folder.assetcatalog; path = Assets.xcassets; sourceTree = "<group>"; };
		7ACED22B243ADB4B008047A2 /* Base */ = {isa = PBXFileReference; lastKnownFileType = file.storyboard; name = Base; path = Base.lproj/LaunchScreen.storyboard; sourceTree = "<group>"; };
		7ACED22D243ADB4B008047A2 /* Info.plist */ = {isa = PBXFileReference; lastKnownFileType = text.plist.xml; path = Info.plist; sourceTree = "<group>"; };
		7ACED232243ADB4B008047A2 /* HomepwnerTests.xctest */ = {isa = PBXFileReference; explicitFileType = wrapper.cfbundle; includeInIndex = 0; path = HomepwnerTests.xctest; sourceTree = BUILT_PRODUCTS_DIR; };
		7ACED236243ADB4B008047A2 /* HomepwnerTests.swift */ = {isa = PBXFileReference; lastKnownFileType = sourcecode.swift; path = HomepwnerTests.swift; sourceTree = "<group>"; };
		7ACED238243ADB4B008047A2 /* Info.plist */ = {isa = PBXFileReference; lastKnownFileType = text.plist.xml; path = Info.plist; sourceTree = "<group>"; };
		7ACED23D243ADB4B008047A2 /* HomepwnerUITests.xctest */ = {isa = PBXFileReference; explicitFileType = wrapper.cfbundle; includeInIndex = 0; path = HomepwnerUITests.xctest; sourceTree = BUILT_PRODUCTS_DIR; };
		7ACED241243ADB4B008047A2 /* HomepwnerUITests.swift */ = {isa = PBXFileReference; lastKnownFileType = sourcecode.swift; path = HomepwnerUITests.swift; sourceTree = "<group>"; };
		7ACED243243ADB4B008047A2 /* Info.plist */ = {isa = PBXFileReference; lastKnownFileType = text.plist.xml; path = Info.plist; sourceTree = "<group>"; };
		7ACED253243ADC5D008047A2 /* ItemsViewController.swift */ = {isa = PBXFileReference; lastKnownFileType = sourcecode.swift; path = ItemsViewController.swift; sourceTree = "<group>"; };
		7ACED255243ADD60008047A2 /* Item.swift */ = {isa = PBXFileReference; lastKnownFileType = sourcecode.swift; path = Item.swift; sourceTree = "<group>"; };
		7ACED257243AE001008047A2 /* ItemStore.swift */ = {isa = PBXFileReference; lastKnownFileType = sourcecode.swift; path = ItemStore.swift; sourceTree = "<group>"; };
		7ACED259243B29D7008047A2 /* ItemCell.swift */ = {isa = PBXFileReference; lastKnownFileType = sourcecode.swift; path = ItemCell.swift; sourceTree = "<group>"; };
/* End PBXFileReference section */

/* Begin PBXFrameworksBuildPhase section */
		7ACED219243ADB44008047A2 /* Frameworks */ = {
			isa = PBXFrameworksBuildPhase;
			buildActionMask = 2147483647;
			files = (
			);
			runOnlyForDeploymentPostprocessing = 0;
		};
		7ACED22F243ADB4B008047A2 /* Frameworks */ = {
			isa = PBXFrameworksBuildPhase;
			buildActionMask = 2147483647;
			files = (
			);
			runOnlyForDeploymentPostprocessing = 0;
		};
		7ACED23A243ADB4B008047A2 /* Frameworks */ = {
			isa = PBXFrameworksBuildPhase;
			buildActionMask = 2147483647;
			files = (
			);
			runOnlyForDeploymentPostprocessing = 0;
		};
/* End PBXFrameworksBuildPhase section */

/* Begin PBXGroup section */
		7ACED213243ADB44008047A2 = {
			isa = PBXGroup;
			children = (
				7ACED21E243ADB44008047A2 /* Homepwner */,
				7ACED235243ADB4B008047A2 /* HomepwnerTests */,
				7ACED240243ADB4B008047A2 /* HomepwnerUITests */,
				7ACED21D243ADB44008047A2 /* Products */,
			);
			sourceTree = "<group>";
		};
		7ACED21D243ADB44008047A2 /* Products */ = {
			isa = PBXGroup;
			children = (
				7ACED21C243ADB44008047A2 /* Homepwner.app */,
				7ACED232243ADB4B008047A2 /* HomepwnerTests.xctest */,
				7ACED23D243ADB4B008047A2 /* HomepwnerUITests.xctest */,
			);
			name = Products;
			sourceTree = "<group>";
		};
		7ACED21E243ADB44008047A2 /* Homepwner */ = {
			isa = PBXGroup;
			children = (
				7ACED250243ADBC4008047A2 /* Model */,
				7ACED251243ADBD2008047A2 /* View */,
				7ACED252243ADBDA008047A2 /* Controller */,
				7ACED228243ADB4B008047A2 /* Assets.xcassets */,
				7ACED22A243ADB4B008047A2 /* LaunchScreen.storyboard */,
				7ACED22D243ADB4B008047A2 /* Info.plist */,
			);
			path = Homepwner;
			sourceTree = "<group>";
		};
		7ACED235243ADB4B008047A2 /* HomepwnerTests */ = {
			isa = PBXGroup;
			children = (
				7ACED236243ADB4B008047A2 /* HomepwnerTests.swift */,
				7ACED238243ADB4B008047A2 /* Info.plist */,
			);
			path = HomepwnerTests;
			sourceTree = "<group>";
		};
		7ACED240243ADB4B008047A2 /* HomepwnerUITests */ = {
			isa = PBXGroup;
			children = (
				7ACED241243ADB4B008047A2 /* HomepwnerUITests.swift */,
				7ACED243243ADB4B008047A2 /* Info.plist */,
			);
			path = HomepwnerUITests;
			sourceTree = "<group>";
		};
		7ACED250243ADBC4008047A2 /* Model */ = {
			isa = PBXGroup;
			children = (
				7ACED255243ADD60008047A2 /* Item.swift */,
				7ACED257243AE001008047A2 /* ItemStore.swift */,
			);
			path = Model;
			sourceTree = "<group>";
		};
		7ACED251243ADBD2008047A2 /* View */ = {
			isa = PBXGroup;
			children = (
				7ACED225243ADB44008047A2 /* Main.storyboard */,
				7ACED259243B29D7008047A2 /* ItemCell.swift */,
			);
			path = View;
			sourceTree = "<group>";
		};
		7ACED252243ADBDA008047A2 /* Controller */ = {
			isa = PBXGroup;
			children = (
				7ACED21F243ADB44008047A2 /* AppDelegate.swift */,
				7ACED221243ADB44008047A2 /* SceneDelegate.swift */,
				7ACED253243ADC5D008047A2 /* ItemsViewController.swift */,
			);
			path = Controller;
			sourceTree = "<group>";
		};
/* End PBXGroup section */

/* Begin PBXNativeTarget section */
		7ACED21B243ADB44008047A2 /* Homepwner */ = {
			isa = PBXNativeTarget;
			buildConfigurationList = 7ACED246243ADB4B008047A2 /* Build configuration list for PBXNativeTarget "Homepwner" */;
			buildPhases = (
				7ACED218243ADB44008047A2 /* Sources */,
				7ACED219243ADB44008047A2 /* Frameworks */,
				7ACED21A243ADB44008047A2 /* Resources */,
			);
			buildRules = (
			);
			dependencies = (
			);
			name = Homepwner;
			productName = Homepwner;
			productReference = 7ACED21C243ADB44008047A2 /* Homepwner.app */;
			productType = "com.apple.product-type.application";
		};
		7ACED231243ADB4B008047A2 /* HomepwnerTests */ = {
			isa = PBXNativeTarget;
			buildConfigurationList = 7ACED249243ADB4B008047A2 /* Build configuration list for PBXNativeTarget "HomepwnerTests" */;
			buildPhases = (
				7ACED22E243ADB4B008047A2 /* Sources */,
				7ACED22F243ADB4B008047A2 /* Frameworks */,
				7ACED230243ADB4B008047A2 /* Resources */,
			);
			buildRules = (
			);
			dependencies = (
				7ACED234243ADB4B008047A2 /* PBXTargetDependency */,
			);
			name = HomepwnerTests;
			productName = HomepwnerTests;
			productReference = 7ACED232243ADB4B008047A2 /* HomepwnerTests.xctest */;
			productType = "com.apple.product-type.bundle.unit-test";
		};
		7ACED23C243ADB4B008047A2 /* HomepwnerUITests */ = {
			isa = PBXNativeTarget;
			buildConfigurationList = 7ACED24C243ADB4B008047A2 /* Build configuration list for PBXNativeTarget "HomepwnerUITests" */;
			buildPhases = (
				7ACED239243ADB4B008047A2 /* Sources */,
				7ACED23A243ADB4B008047A2 /* Frameworks */,
				7ACED23B243ADB4B008047A2 /* Resources */,
			);
			buildRules = (
			);
			dependencies = (
				7ACED23F243ADB4B008047A2 /* PBXTargetDependency */,
			);
			name = HomepwnerUITests;
			productName = HomepwnerUITests;
			productReference = 7ACED23D243ADB4B008047A2 /* HomepwnerUITests.xctest */;
			productType = "com.apple.product-type.bundle.ui-testing";
		};
/* End PBXNativeTarget section */

/* Begin PBXProject section */
		7ACED214243ADB44008047A2 /* Project object */ = {
			isa = PBXProject;
			attributes = {
				LastSwiftUpdateCheck = 1130;
				LastUpgradeCheck = 1130;
				ORGANIZATIONNAME = "Nancy Badillo";
				TargetAttributes = {
					7ACED21B243ADB44008047A2 = {
						CreatedOnToolsVersion = 11.3.1;
					};
					7ACED231243ADB4B008047A2 = {
						CreatedOnToolsVersion = 11.3.1;
						TestTargetID = 7ACED21B243ADB44008047A2;
					};
					7ACED23C243ADB4B008047A2 = {
						CreatedOnToolsVersion = 11.3.1;
						TestTargetID = 7ACED21B243ADB44008047A2;
					};
				};
			};
			buildConfigurationList = 7ACED217243ADB44008047A2 /* Build configuration list for PBXProject "Homepwner" */;
			compatibilityVersion = "Xcode 9.3";
			developmentRegion = en;
			hasScannedForEncodings = 0;
			knownRegions = (
				en,
				Base,
			);
			mainGroup = 7ACED213243ADB44008047A2;
			productRefGroup = 7ACED21D243ADB44008047A2 /* Products */;
			projectDirPath = "";
			projectRoot = "";
			targets = (
				7ACED21B243ADB44008047A2 /* Homepwner */,
				7ACED231243ADB4B008047A2 /* HomepwnerTests */,
				7ACED23C243ADB4B008047A2 /* HomepwnerUITests */,
			);
		};
/* End PBXProject section */

/* Begin PBXResourcesBuildPhase section */
		7ACED21A243ADB44008047A2 /* Resources */ = {
			isa = PBXResourcesBuildPhase;
			buildActionMask = 2147483647;
			files = (
				7ACED22C243ADB4B008047A2 /* LaunchScreen.storyboard in Resources */,
				7ACED229243ADB4B008047A2 /* Assets.xcassets in Resources */,
				7ACED227243ADB44008047A2 /* Main.storyboard in Resources */,
			);
			runOnlyForDeploymentPostprocessing = 0;
		};
		7ACED230243ADB4B008047A2 /* Resources */ = {
			isa = PBXResourcesBuildPhase;
			buildActionMask = 2147483647;
			files = (
			);
			runOnlyForDeploymentPostprocessing = 0;
		};
		7ACED23B243ADB4B008047A2 /* Resources */ = {
			isa = PBXResourcesBuildPhase;
			buildActionMask = 2147483647;
			files = (
			);
			runOnlyForDeploymentPostprocessing = 0;
		};
/* End PBXResourcesBuildPhase section */

/* Begin PBXSourcesBuildPhase section */
		7ACED218243ADB44008047A2 /* Sources */ = {
			isa = PBXSourcesBuildPhase;
			buildActionMask = 2147483647;
			files = (
				7ACED256243ADD60008047A2 /* Item.swift in Sources */,
				7ACED254243ADC5D008047A2 /* ItemsViewController.swift in Sources */,
				7ACED25A243B29D7008047A2 /* ItemCell.swift in Sources */,
				7ACED220243ADB44008047A2 /* AppDelegate.swift in Sources */,
				7ACED258243AE001008047A2 /* ItemStore.swift in Sources */,
				7ACED222243ADB44008047A2 /* SceneDelegate.swift in Sources */,
			);
			runOnlyForDeploymentPostprocessing = 0;
		};
		7ACED22E243ADB4B008047A2 /* Sources */ = {
			isa = PBXSourcesBuildPhase;
			buildActionMask = 2147483647;
			files = (
				7ACED237243ADB4B008047A2 /* HomepwnerTests.swift in Sources */,
			);
			runOnlyForDeploymentPostprocessing = 0;
		};
		7ACED239243ADB4B008047A2 /* Sources */ = {
			isa = PBXSourcesBuildPhase;
			buildActionMask = 2147483647;
			files = (
				7ACED242243ADB4B008047A2 /* HomepwnerUITests.swift in Sources */,
			);
			runOnlyForDeploymentPostprocessing = 0;
		};
/* End PBXSourcesBuildPhase section */

/* Begin PBXTargetDependency section */
		7ACED234243ADB4B008047A2 /* PBXTargetDependency */ = {
			isa = PBXTargetDependency;
			target = 7ACED21B243ADB44008047A2 /* Homepwner */;
			targetProxy = 7ACED233243ADB4B008047A2 /* PBXContainerItemProxy */;
		};
		7ACED23F243ADB4B008047A2 /* PBXTargetDependency */ = {
			isa = PBXTargetDependency;
			target = 7ACED21B243ADB44008047A2 /* Homepwner */;
			targetProxy = 7ACED23E243ADB4B008047A2 /* PBXContainerItemProxy */;
		};
/* End PBXTargetDependency section */

/* Begin PBXVariantGroup section */
		7ACED225243ADB44008047A2 /* Main.storyboard */ = {
			isa = PBXVariantGroup;
			children = (
				7ACED226243ADB44008047A2 /* Base */,
			);
			name = Main.storyboard;
			sourceTree = "<group>";
		};
		7ACED22A243ADB4B008047A2 /* LaunchScreen.storyboard */ = {
			isa = PBXVariantGroup;
			children = (
				7ACED22B243ADB4B008047A2 /* Base */,
			);
			name = LaunchScreen.storyboard;
			sourceTree = "<group>";
		};
/* End PBXVariantGroup section */

/* Begin XCBuildConfiguration section */
		7ACED244243ADB4B008047A2 /* Debug */ = {
			isa = XCBuildConfiguration;
			buildSettings = {
				ALWAYS_SEARCH_USER_PATHS = NO;
				CLANG_ANALYZER_NONNULL = YES;
				CLANG_ANALYZER_NUMBER_OBJECT_CONVERSION = YES_AGGRESSIVE;
				CLANG_CXX_LANGUAGE_STANDARD = "gnu++14";
				CLANG_CXX_LIBRARY = "libc++";
				CLANG_ENABLE_MODULES = YES;
				CLANG_ENABLE_OBJC_ARC = YES;
				CLANG_ENABLE_OBJC_WEAK = YES;
				CLANG_WARN_BLOCK_CAPTURE_AUTORELEASING = YES;
				CLANG_WARN_BOOL_CONVERSION = YES;
				CLANG_WARN_COMMA = YES;
				CLANG_WARN_CONSTANT_CONVERSION = YES;
				CLANG_WARN_DEPRECATED_OBJC_IMPLEMENTATIONS = YES;
				CLANG_WARN_DIRECT_OBJC_ISA_USAGE = YES_ERROR;
				CLANG_WARN_DOCUMENTATION_COMMENTS = YES;
				CLANG_WARN_EMPTY_BODY = YES;
				CLANG_WARN_ENUM_CONVERSION = YES;
				CLANG_WARN_INFINITE_RECURSION = YES;
				CLANG_WARN_INT_CONVERSION = YES;
				CLANG_WARN_NON_LITERAL_NULL_CONVERSION = YES;
				CLANG_WARN_OBJC_IMPLICIT_RETAIN_SELF = YES;
				CLANG_WARN_OBJC_LITERAL_CONVERSION = YES;
				CLANG_WARN_OBJC_ROOT_CLASS = YES_ERROR;
				CLANG_WARN_RANGE_LOOP_ANALYSIS = YES;
				CLANG_WARN_STRICT_PROTOTYPES = YES;
				CLANG_WARN_SUSPICIOUS_MOVE = YES;
				CLANG_WARN_UNGUARDED_AVAILABILITY = YES_AGGRESSIVE;
				CLANG_WARN_UNREACHABLE_CODE = YES;
				CLANG_WARN__DUPLICATE_METHOD_MATCH = YES;
				COPY_PHASE_STRIP = NO;
				DEBUG_INFORMATION_FORMAT = dwarf;
				ENABLE_STRICT_OBJC_MSGSEND = YES;
				ENABLE_TESTABILITY = YES;
				GCC_C_LANGUAGE_STANDARD = gnu11;
				GCC_DYNAMIC_NO_PIC = NO;
				GCC_NO_COMMON_BLOCKS = YES;
				GCC_OPTIMIZATION_LEVEL = 0;
				GCC_PREPROCESSOR_DEFINITIONS = (
					"DEBUG=1",
					"$(inherited)",
				);
				GCC_WARN_64_TO_32_BIT_CONVERSION = YES;
				GCC_WARN_ABOUT_RETURN_TYPE = YES_ERROR;
				GCC_WARN_UNDECLARED_SELECTOR = YES;
				GCC_WARN_UNINITIALIZED_AUTOS = YES_AGGRESSIVE;
				GCC_WARN_UNUSED_FUNCTION = YES;
				GCC_WARN_UNUSED_VARIABLE = YES;
				IPHONEOS_DEPLOYMENT_TARGET = 13.2;
				MTL_ENABLE_DEBUG_INFO = INCLUDE_SOURCE;
				MTL_FAST_MATH = YES;
				ONLY_ACTIVE_ARCH = YES;
				SDKROOT = iphoneos;
				SWIFT_ACTIVE_COMPILATION_CONDITIONS = DEBUG;
				SWIFT_OPTIMIZATION_LEVEL = "-Onone";
			};
			name = Debug;
		};
		7ACED245243ADB4B008047A2 /* Release */ = {
			isa = XCBuildConfiguration;
			buildSettings = {
				ALWAYS_SEARCH_USER_PATHS = NO;
				CLANG_ANALYZER_NONNULL = YES;
				CLANG_ANALYZER_NUMBER_OBJECT_CONVERSION = YES_AGGRESSIVE;
				CLANG_CXX_LANGUAGE_STANDARD = "gnu++14";
				CLANG_CXX_LIBRARY = "libc++";
				CLANG_ENABLE_MODULES = YES;
				CLANG_ENABLE_OBJC_ARC = YES;
				CLANG_ENABLE_OBJC_WEAK = YES;
				CLANG_WARN_BLOCK_CAPTURE_AUTORELEASING = YES;
				CLANG_WARN_BOOL_CONVERSION = YES;
				CLANG_WARN_COMMA = YES;
				CLANG_WARN_CONSTANT_CONVERSION = YES;
				CLANG_WARN_DEPRECATED_OBJC_IMPLEMENTATIONS = YES;
				CLANG_WARN_DIRECT_OBJC_ISA_USAGE = YES_ERROR;
				CLANG_WARN_DOCUMENTATION_COMMENTS = YES;
				CLANG_WARN_EMPTY_BODY = YES;
				CLANG_WARN_ENUM_CONVERSION = YES;
				CLANG_WARN_INFINITE_RECURSION = YES;
				CLANG_WARN_INT_CONVERSION = YES;
				CLANG_WARN_NON_LITERAL_NULL_CONVERSION = YES;
				CLANG_WARN_OBJC_IMPLICIT_RETAIN_SELF = YES;
				CLANG_WARN_OBJC_LITERAL_CONVERSION = YES;
				CLANG_WARN_OBJC_ROOT_CLASS = YES_ERROR;
				CLANG_WARN_RANGE_LOOP_ANALYSIS = YES;
				CLANG_WARN_STRICT_PROTOTYPES = YES;
				CLANG_WARN_SUSPICIOUS_MOVE = YES;
				CLANG_WARN_UNGUARDED_AVAILABILITY = YES_AGGRESSIVE;
				CLANG_WARN_UNREACHABLE_CODE = YES;
				CLANG_WARN__DUPLICATE_METHOD_MATCH = YES;
				COPY_PHASE_STRIP = NO;
				DEBUG_INFORMATION_FORMAT = "dwarf-with-dsym";
				ENABLE_NS_ASSERTIONS = NO;
				ENABLE_STRICT_OBJC_MSGSEND = YES;
				GCC_C_LANGUAGE_STANDARD = gnu11;
				GCC_NO_COMMON_BLOCKS = YES;
				GCC_WARN_64_TO_32_BIT_CONVERSION = YES;
				GCC_WARN_ABOUT_RETURN_TYPE = YES_ERROR;
				GCC_WARN_UNDECLARED_SELECTOR = YES;
				GCC_WARN_UNINITIALIZED_AUTOS = YES_AGGRESSIVE;
				GCC_WARN_UNUSED_FUNCTION = YES;
				GCC_WARN_UNUSED_VARIABLE = YES;
				IPHONEOS_DEPLOYMENT_TARGET = 13.2;
				MTL_ENABLE_DEBUG_INFO = NO;
				MTL_FAST_MATH = YES;
				SDKROOT = iphoneos;
				SWIFT_COMPILATION_MODE = wholemodule;
				SWIFT_OPTIMIZATION_LEVEL = "-O";
				VALIDATE_PRODUCT = YES;
			};
			name = Release;
		};
		7ACED247243ADB4B008047A2 /* Debug */ = {
			isa = XCBuildConfiguration;
			buildSettings = {
				ASSETCATALOG_COMPILER_APPICON_NAME = AppIcon;
				CODE_SIGN_STYLE = Automatic;
				INFOPLIST_FILE = Homepwner/Info.plist;
				LD_RUNPATH_SEARCH_PATHS = (
					"$(inherited)",
					"@executable_path/Frameworks",
				);
				PRODUCT_BUNDLE_IDENTIFIER = com.nancybadillo.Homepwner;
				PRODUCT_NAME = "$(TARGET_NAME)";
				SWIFT_VERSION = 5.0;
				TARGETED_DEVICE_FAMILY = "1,2";
			};
			name = Debug;
		};
		7ACED248243ADB4B008047A2 /* Release */ = {
			isa = XCBuildConfiguration;
			buildSettings = {
				ASSETCATALOG_COMPILER_APPICON_NAME = AppIcon;
				CODE_SIGN_STYLE = Automatic;
				INFOPLIST_FILE = Homepwner/Info.plist;
				LD_RUNPATH_SEARCH_PATHS = (
					"$(inherited)",
					"@executable_path/Frameworks",
				);
				PRODUCT_BUNDLE_IDENTIFIER = com.nancybadillo.Homepwner;
				PRODUCT_NAME = "$(TARGET_NAME)";
				SWIFT_VERSION = 5.0;
				TARGETED_DEVICE_FAMILY = "1,2";
			};
			name = Release;
		};
		7ACED24A243ADB4B008047A2 /* Debug */ = {
			isa = XCBuildConfiguration;
			buildSettings = {
				ALWAYS_EMBED_SWIFT_STANDARD_LIBRARIES = YES;
				BUNDLE_LOADER = "$(TEST_HOST)";
				CODE_SIGN_STYLE = Automatic;
				INFOPLIST_FILE = HomepwnerTests/Info.plist;
				IPHONEOS_DEPLOYMENT_TARGET = 13.2;
				LD_RUNPATH_SEARCH_PATHS = (
					"$(inherited)",
					"@executable_path/Frameworks",
					"@loader_path/Frameworks",
				);
				PRODUCT_BUNDLE_IDENTIFIER = com.nancybadillo.HomepwnerTests;
				PRODUCT_NAME = "$(TARGET_NAME)";
				SWIFT_VERSION = 5.0;
				TARGETED_DEVICE_FAMILY = "1,2";
				TEST_HOST = "$(BUILT_PRODUCTS_DIR)/Homepwner.app/Homepwner";
			};
			name = Debug;
		};
		7ACED24B243ADB4B008047A2 /* Release */ = {
			isa = XCBuildConfiguration;
			buildSettings = {
				ALWAYS_EMBED_SWIFT_STANDARD_LIBRARIES = YES;
				BUNDLE_LOADER = "$(TEST_HOST)";
				CODE_SIGN_STYLE = Automatic;
				INFOPLIST_FILE = HomepwnerTests/Info.plist;
				IPHONEOS_DEPLOYMENT_TARGET = 13.2;
				LD_RUNPATH_SEARCH_PATHS = (
					"$(inherited)",
					"@executable_path/Frameworks",
					"@loader_path/Frameworks",
				);
				PRODUCT_BUNDLE_IDENTIFIER = com.nancybadillo.HomepwnerTests;
				PRODUCT_NAME = "$(TARGET_NAME)";
				SWIFT_VERSION = 5.0;
				TARGETED_DEVICE_FAMILY = "1,2";
				TEST_HOST = "$(BUILT_PRODUCTS_DIR)/Homepwner.app/Homepwner";
			};
			name = Release;
		};
		7ACED24D243ADB4B008047A2 /* Debug */ = {
			isa = XCBuildConfiguration;
			buildSettings = {
				ALWAYS_EMBED_SWIFT_STANDARD_LIBRARIES = YES;
				CODE_SIGN_STYLE = Automatic;
				INFOPLIST_FILE = HomepwnerUITests/Info.plist;
				LD_RUNPATH_SEARCH_PATHS = (
					"$(inherited)",
					"@executable_path/Frameworks",
					"@loader_path/Frameworks",
				);
				PRODUCT_BUNDLE_IDENTIFIER = com.nancybadillo.HomepwnerUITests;
				PRODUCT_NAME = "$(TARGET_NAME)";
				SWIFT_VERSION = 5.0;
				TARGETED_DEVICE_FAMILY = "1,2";
				TEST_TARGET_NAME = Homepwner;
			};
			name = Debug;
		};
		7ACED24E243ADB4B008047A2 /* Release */ = {
			isa = XCBuildConfiguration;
			buildSettings = {
				ALWAYS_EMBED_SWIFT_STANDARD_LIBRARIES = YES;
				CODE_SIGN_STYLE = Automatic;
				INFOPLIST_FILE = HomepwnerUITests/Info.plist;
				LD_RUNPATH_SEARCH_PATHS = (
					"$(inherited)",
					"@executable_path/Frameworks",
					"@loader_path/Frameworks",
				);
				PRODUCT_BUNDLE_IDENTIFIER = com.nancybadillo.HomepwnerUITests;
				PRODUCT_NAME = "$(TARGET_NAME)";
				SWIFT_VERSION = 5.0;
				TARGETED_DEVICE_FAMILY = "1,2";
				TEST_TARGET_NAME = Homepwner;
			};
			name = Release;
		};
/* End XCBuildConfiguration section */

/* Begin XCConfigurationList section */
		7ACED217243ADB44008047A2 /* Build configuration list for PBXProject "Homepwner" */ = {
			isa = XCConfigurationList;
			buildConfigurations = (
				7ACED244243ADB4B008047A2 /* Debug */,
				7ACED245243ADB4B008047A2 /* Release */,
			);
			defaultConfigurationIsVisible = 0;
			defaultConfigurationName = Release;
		};
		7ACED246243ADB4B008047A2 /* Build configuration list for PBXNativeTarget "Homepwner" */ = {
			isa = XCConfigurationList;
			buildConfigurations = (
				7ACED247243ADB4B008047A2 /* Debug */,
				7ACED248243ADB4B008047A2 /* Release */,
			);
			defaultConfigurationIsVisible = 0;
			defaultConfigurationName = Release;
		};
		7ACED249243ADB4B008047A2 /* Build configuration list for PBXNativeTarget "HomepwnerTests" */ = {
			isa = XCConfigurationList;
			buildConfigurations = (
				7ACED24A243ADB4B008047A2 /* Debug */,
				7ACED24B243ADB4B008047A2 /* Release */,
			);
			defaultConfigurationIsVisible = 0;
			defaultConfigurationName = Release;
		};
		7ACED24C243ADB4B008047A2 /* Build configuration list for PBXNativeTarget "HomepwnerUITests" */ = {
			isa = XCConfigurationList;
			buildConfigurations = (
				7ACED24D243ADB4B008047A2 /* Debug */,
				7ACED24E243ADB4B008047A2 /* Release */,
			);
			defaultConfigurationIsVisible = 0;
			defaultConfigurationName = Release;
		};
/* End XCConfigurationList section */
	};
	rootObject = 7ACED214243ADB44008047A2 /* Project object */;
}
